
Microsoft Visual Studio Solution File, Format Version 12.00
# Visual Studio 15
VisualStudioVersion = 15.0.26730.15
MinimumVisualStudioVersion = 10.0.40219.1
Project("{9A19103F-16F7-4668-BE54-9A1E7A4F7556}") = "Aura", "Aura\Aura.csproj", "{2E175FD2-6F56-494C-A387-022A21F3AAFA}"
EndProject
Project("{FAE04EC0-301F-11D3-BF4B-00C04F79EFBC}") = "Aura.Test", "Aura.Test\Aura.Test.csproj", "{CE0A7F89-C2A0-4E35-9A1E-8476AD30DEF7}"
EndProject
Global
	GlobalSection(SolutionConfigurationPlatforms) = preSolution
		Debug|Any CPU = Debug|Any CPU
		Release|Any CPU = Release|Any CPU
	EndGlobalSection
	GlobalSection(ProjectConfigurationPlatforms) = postSolution
		{2E175FD2-6F56-494C-A387-022A21F3AAFA}.Debug|Any CPU.ActiveCfg = Debug|Any CPU
		{2E175FD2-6F56-494C-A387-022A21F3AAFA}.Debug|Any CPU.Build.0 = Debug|Any CPU
		{2E175FD2-6F56-494C-A387-022A21F3AAFA}.Release|Any CPU.ActiveCfg = Release|Any CPU
		{2E175FD2-6F56-494C-A387-022A21F3AAFA}.Release|Any CPU.Build.0 = Release|Any CPU
		{CE0A7F89-C2A0-4E35-9A1E-8476AD30DEF7}.Debug|Any CPU.ActiveCfg = Debug|Any CPU
		{CE0A7F89-C2A0-4E35-9A1E-8476AD30DEF7}.Debug|Any CPU.Build.0 = Debug|Any CPU
		{CE0A7F89-C2A0-4E35-9A1E-8476AD30DEF7}.Release|Any CPU.ActiveCfg = Release|Any CPU
		{CE0A7F89-C2A0-4E35-9A1E-8476AD30DEF7}.Release|Any CPU.Build.0 = Release|Any CPU
	EndGlobalSection
	GlobalSection(SolutionProperties) = preSolution
		HideSolutionNode = FALSE
	EndGlobalSection
	GlobalSection(ExtensibilityGlobals) = postSolution
		SolutionGuid = {6B638ABA-101A-493E-A305-B02D538277C3}
	EndGlobalSection
EndGlobal
